// !$*UTF8*$!
{
	archiveVersion = 1;
	classes = {
	};
	objectVersion = 55;
	objects = {

/* Begin PBXBuildFile section */
		4464948B28E4992F006919F1 /* CoinImageView.swift in Sources */ = {isa = PBXBuildFile; fileRef = 4464948A28E4992F006919F1 /* CoinImageView.swift */; };
		4464948D28E49C0C006919F1 /* CoinImageService.swift in Sources */ = {isa = PBXBuildFile; fileRef = 4464948C28E49C0C006919F1 /* CoinImageService.swift */; };
		4464948F28E49D97006919F1 /* CoinImageViewModel.swift in Sources */ = {isa = PBXBuildFile; fileRef = 4464948E28E49D97006919F1 /* CoinImageViewModel.swift */; };
		4466BA9428E308E4007FC650 /* NetworkManager.swift in Sources */ = {isa = PBXBuildFile; fileRef = 4466BA9328E308E4007FC650 /* NetworkManager.swift */; };
		447BB22028E215130098C711 /* CoinDataService.swift in Sources */ = {isa = PBXBuildFile; fileRef = 447BB21F28E215130098C711 /* CoinDataService.swift */; };
		447BB22328E2210A0098C711 /* APIConstants.swift in Sources */ = {isa = PBXBuildFile; fileRef = 447BB22228E2210A0098C711 /* APIConstants.swift */; };
		44983F7628DECFF900B5D44B /* CoinRowView.swift in Sources */ = {isa = PBXBuildFile; fileRef = 44983F7528DECFF900B5D44B /* CoinRowView.swift */; };
		44983F7828DED07D00B5D44B /* PreviewProvider.swift in Sources */ = {isa = PBXBuildFile; fileRef = 44983F7728DED07D00B5D44B /* PreviewProvider.swift */; };
		44983F7C28DED1E000B5D44B /* DeveloperPreview.swift in Sources */ = {isa = PBXBuildFile; fileRef = 44983F7B28DED1E000B5D44B /* DeveloperPreview.swift */; };
		44983F7F28DED99C00B5D44B /* Int.swift in Sources */ = {isa = PBXBuildFile; fileRef = 44983F7E28DED99C00B5D44B /* Int.swift */; };
		44983F8128DEDA4E00B5D44B /* OptionalString.swift in Sources */ = {isa = PBXBuildFile; fileRef = 44983F8028DEDA4E00B5D44B /* OptionalString.swift */; };
		44983F8328DEE0E600B5D44B /* Double.swift in Sources */ = {isa = PBXBuildFile; fileRef = 44983F8228DEE0E600B5D44B /* Double.swift */; };
		44983F8528DEE67400B5D44B /* CGFloat.swift in Sources */ = {isa = PBXBuildFile; fileRef = 44983F8428DEE67400B5D44B /* CGFloat.swift */; };
		449F601E28DCE9AD007FDEA5 /* CircleButtonView.swift in Sources */ = {isa = PBXBuildFile; fileRef = 449F601D28DCE9AD007FDEA5 /* CircleButtonView.swift */; };
		449F602028DCE9C0007FDEA5 /* CircleButtonAnimationView.swift in Sources */ = {isa = PBXBuildFile; fileRef = 449F601F28DCE9C0007FDEA5 /* CircleButtonAnimationView.swift */; };
		449F602428DCE9D7007FDEA5 /* HomeView.swift in Sources */ = {isa = PBXBuildFile; fileRef = 449F602328DCE9D7007FDEA5 /* HomeView.swift */; };
		449F602628DCEA06007FDEA5 /* IconNaming.swift in Sources */ = {isa = PBXBuildFile; fileRef = 449F602528DCEA06007FDEA5 /* IconNaming.swift */; };
		449F602828DCEA13007FDEA5 /* TitleNaming.swift in Sources */ = {isa = PBXBuildFile; fileRef = 449F602728DCEA13007FDEA5 /* TitleNaming.swift */; };
		44C37EF228E638B200049E15 /* LocalFileManager.swift in Sources */ = {isa = PBXBuildFile; fileRef = 44C37EF128E638B200049E15 /* LocalFileManager.swift */; };
		44CF1D6D28E03D9300BDB90A /* HomeViewModel.swift in Sources */ = {isa = PBXBuildFile; fileRef = 44CF1D6C28E03D9300BDB90A /* HomeViewModel.swift */; };
		44D525CD28E73D2B00CF27ED /* SearchBarView.swift in Sources */ = {isa = PBXBuildFile; fileRef = 44D525CC28E73D2B00CF27ED /* SearchBarView.swift */; };
		44D525CF28E7558A00CF27ED /* String.swift in Sources */ = {isa = PBXBuildFile; fileRef = 44D525CE28E7558A00CF27ED /* String.swift */; };
		44D525D128E7593300CF27ED /* UIApplication.swift in Sources */ = {isa = PBXBuildFile; fileRef = 44D525D028E7593300CF27ED /* UIApplication.swift */; };
		44E0B36A2879F0A000A991A7 /* CoinestApp.swift in Sources */ = {isa = PBXBuildFile; fileRef = 44E0B3692879F0A000A991A7 /* CoinestApp.swift */; };
		44E0B36C2879F0A000A991A7 /* ContentView.swift in Sources */ = {isa = PBXBuildFile; fileRef = 44E0B36B2879F0A000A991A7 /* ContentView.swift */; };
		44E0B36E2879F0A400A991A7 /* Assets.xcassets in Resources */ = {isa = PBXBuildFile; fileRef = 44E0B36D2879F0A400A991A7 /* Assets.xcassets */; };
		44E0B3712879F0A400A991A7 /* Preview Assets.xcassets in Resources */ = {isa = PBXBuildFile; fileRef = 44E0B3702879F0A400A991A7 /* Preview Assets.xcassets */; };
		44E0B3792879F40C00A991A7 /* Color.swift in Sources */ = {isa = PBXBuildFile; fileRef = 44E0B3782879F40C00A991A7 /* Color.swift */; };
		44E0B37D2879F45600A991A7 /* ColorTheme.swift in Sources */ = {isa = PBXBuildFile; fileRef = 44E0B37C2879F45600A991A7 /* ColorTheme.swift */; };
		44E10A0D28E82C1800B8B2BC /* Collection.swift in Sources */ = {isa = PBXBuildFile; fileRef = 44E10A0C28E82C1800B8B2BC /* Collection.swift */; };
		44FC9EE528DDF9F200AAACE0 /* Coin.swift in Sources */ = {isa = PBXBuildFile; fileRef = 44FC9EE428DDF9F200AAACE0 /* Coin.swift */; };
		44FC9EE728DE026300AAACE0 /* Preview Documentation.swift in Sources */ = {isa = PBXBuildFile; fileRef = 44FC9EE628DE026200AAACE0 /* Preview Documentation.swift */; };
		44FC9EE928DE0AAB00AAACE0 /* OptionalDouble.swift in Sources */ = {isa = PBXBuildFile; fileRef = 44FC9EE828DE0AAB00AAACE0 /* OptionalDouble.swift */; };
/* End PBXBuildFile section */

/* Begin PBXFileReference section */
		4464948A28E4992F006919F1 /* CoinImageView.swift */ = {isa = PBXFileReference; lastKnownFileType = sourcecode.swift; path = CoinImageView.swift; sourceTree = "<group>"; };
		4464948C28E49C0C006919F1 /* CoinImageService.swift */ = {isa = PBXFileReference; lastKnownFileType = sourcecode.swift; path = CoinImageService.swift; sourceTree = "<group>"; };
		4464948E28E49D97006919F1 /* CoinImageViewModel.swift */ = {isa = PBXFileReference; lastKnownFileType = sourcecode.swift; path = CoinImageViewModel.swift; sourceTree = "<group>"; };
		4466BA9328E308E4007FC650 /* NetworkManager.swift */ = {isa = PBXFileReference; lastKnownFileType = sourcecode.swift; path = NetworkManager.swift; sourceTree = "<group>"; };
		447BB21F28E215130098C711 /* CoinDataService.swift */ = {isa = PBXFileReference; lastKnownFileType = sourcecode.swift; path = CoinDataService.swift; sourceTree = "<group>"; };
		447BB22228E2210A0098C711 /* APIConstants.swift */ = {isa = PBXFileReference; lastKnownFileType = sourcecode.swift; path = APIConstants.swift; sourceTree = "<group>"; };
		44983F7528DECFF900B5D44B /* CoinRowView.swift */ = {isa = PBXFileReference; lastKnownFileType = sourcecode.swift; path = CoinRowView.swift; sourceTree = "<group>"; };
		44983F7728DED07D00B5D44B /* PreviewProvider.swift */ = {isa = PBXFileReference; lastKnownFileType = sourcecode.swift; path = PreviewProvider.swift; sourceTree = "<group>"; };
		44983F7B28DED1E000B5D44B /* DeveloperPreview.swift */ = {isa = PBXFileReference; lastKnownFileType = sourcecode.swift; path = DeveloperPreview.swift; sourceTree = "<group>"; };
		44983F7E28DED99C00B5D44B /* Int.swift */ = {isa = PBXFileReference; lastKnownFileType = sourcecode.swift; path = Int.swift; sourceTree = "<group>"; };
		44983F8028DEDA4E00B5D44B /* OptionalString.swift */ = {isa = PBXFileReference; lastKnownFileType = sourcecode.swift; path = OptionalString.swift; sourceTree = "<group>"; };
		44983F8228DEE0E600B5D44B /* Double.swift */ = {isa = PBXFileReference; lastKnownFileType = sourcecode.swift; path = Double.swift; sourceTree = "<group>"; };
		44983F8428DEE67400B5D44B /* CGFloat.swift */ = {isa = PBXFileReference; lastKnownFileType = sourcecode.swift; path = CGFloat.swift; sourceTree = "<group>"; };
		449F601D28DCE9AD007FDEA5 /* CircleButtonView.swift */ = {isa = PBXFileReference; lastKnownFileType = sourcecode.swift; path = CircleButtonView.swift; sourceTree = "<group>"; };
		449F601F28DCE9C0007FDEA5 /* CircleButtonAnimationView.swift */ = {isa = PBXFileReference; lastKnownFileType = sourcecode.swift; path = CircleButtonAnimationView.swift; sourceTree = "<group>"; };
		449F602328DCE9D7007FDEA5 /* HomeView.swift */ = {isa = PBXFileReference; lastKnownFileType = sourcecode.swift; path = HomeView.swift; sourceTree = "<group>"; };
		449F602528DCEA06007FDEA5 /* IconNaming.swift */ = {isa = PBXFileReference; lastKnownFileType = sourcecode.swift; path = IconNaming.swift; sourceTree = "<group>"; };
		449F602728DCEA13007FDEA5 /* TitleNaming.swift */ = {isa = PBXFileReference; lastKnownFileType = sourcecode.swift; path = TitleNaming.swift; sourceTree = "<group>"; };
		44C37EF128E638B200049E15 /* LocalFileManager.swift */ = {isa = PBXFileReference; lastKnownFileType = sourcecode.swift; path = LocalFileManager.swift; sourceTree = "<group>"; };
		44CF1D6C28E03D9300BDB90A /* HomeViewModel.swift */ = {isa = PBXFileReference; lastKnownFileType = sourcecode.swift; path = HomeViewModel.swift; sourceTree = "<group>"; };
		44D525CC28E73D2B00CF27ED /* SearchBarView.swift */ = {isa = PBXFileReference; lastKnownFileType = sourcecode.swift; path = SearchBarView.swift; sourceTree = "<group>"; };
		44D525CE28E7558A00CF27ED /* String.swift */ = {isa = PBXFileReference; lastKnownFileType = sourcecode.swift; path = String.swift; sourceTree = "<group>"; };
		44D525D028E7593300CF27ED /* UIApplication.swift */ = {isa = PBXFileReference; lastKnownFileType = sourcecode.swift; path = UIApplication.swift; sourceTree = "<group>"; };
		44E0B3662879F0A000A991A7 /* Coinest.app */ = {isa = PBXFileReference; explicitFileType = wrapper.application; includeInIndex = 0; path = Coinest.app; sourceTree = BUILT_PRODUCTS_DIR; };
		44E0B3692879F0A000A991A7 /* CoinestApp.swift */ = {isa = PBXFileReference; lastKnownFileType = sourcecode.swift; path = CoinestApp.swift; sourceTree = "<group>"; };
		44E0B36B2879F0A000A991A7 /* ContentView.swift */ = {isa = PBXFileReference; lastKnownFileType = sourcecode.swift; path = ContentView.swift; sourceTree = "<group>"; };
		44E0B36D2879F0A400A991A7 /* Assets.xcassets */ = {isa = PBXFileReference; lastKnownFileType = folder.assetcatalog; path = Assets.xcassets; sourceTree = "<group>"; };
		44E0B3702879F0A400A991A7 /* Preview Assets.xcassets */ = {isa = PBXFileReference; lastKnownFileType = folder.assetcatalog; path = "Preview Assets.xcassets"; sourceTree = "<group>"; };
		44E0B3782879F40C00A991A7 /* Color.swift */ = {isa = PBXFileReference; lastKnownFileType = sourcecode.swift; path = Color.swift; sourceTree = "<group>"; };
		44E0B37C2879F45600A991A7 /* ColorTheme.swift */ = {isa = PBXFileReference; lastKnownFileType = sourcecode.swift; path = ColorTheme.swift; sourceTree = "<group>"; };
		44E10A0C28E82C1800B8B2BC /* Collection.swift */ = {isa = PBXFileReference; lastKnownFileType = sourcecode.swift; path = Collection.swift; sourceTree = "<group>"; };
		44FC9EE428DDF9F200AAACE0 /* Coin.swift */ = {isa = PBXFileReference; lastKnownFileType = sourcecode.swift; path = Coin.swift; sourceTree = "<group>"; };
		44FC9EE628DE026200AAACE0 /* Preview Documentation.swift */ = {isa = PBXFileReference; lastKnownFileType = sourcecode.swift; path = "Preview Documentation.swift"; sourceTree = "<group>"; };
		44FC9EE828DE0AAB00AAACE0 /* OptionalDouble.swift */ = {isa = PBXFileReference; lastKnownFileType = sourcecode.swift; path = OptionalDouble.swift; sourceTree = "<group>"; };
/* End PBXFileReference section */

/* Begin PBXFrameworksBuildPhase section */
		44E0B3632879F0A000A991A7 /* Frameworks */ = {
			isa = PBXFrameworksBuildPhase;
			buildActionMask = 2147483647;
			files = (
			);
			runOnlyForDeploymentPostprocessing = 0;
		};
/* End PBXFrameworksBuildPhase section */

/* Begin PBXGroup section */
		4464948928E49919006919F1 /* CoinImage */ = {
			isa = PBXGroup;
			children = (
				4464948A28E4992F006919F1 /* CoinImageView.swift */,
				4464948E28E49D97006919F1 /* CoinImageViewModel.swift */,
			);
			path = CoinImage;
			sourceTree = "<group>";
		};
		4466BA9228E308CE007FC650 /* CommonManagers */ = {
			isa = PBXGroup;
			children = (
				4466BA9328E308E4007FC650 /* NetworkManager.swift */,
				44C37EF128E638B200049E15 /* LocalFileManager.swift */,
			);
			path = CommonManagers;
			sourceTree = "<group>";
		};
		447BB21E28E214F00098C711 /* Services */ = {
			isa = PBXGroup;
			children = (
				447BB21F28E215130098C711 /* CoinDataService.swift */,
				4464948C28E49C0C006919F1 /* CoinImageService.swift */,
			);
			path = Services;
			sourceTree = "<group>";
		};
		447BB22128E220FF0098C711 /* CommonEnums */ = {
			isa = PBXGroup;
			children = (
				447BB22228E2210A0098C711 /* APIConstants.swift */,
			);
			path = CommonEnums;
			sourceTree = "<group>";
		};
		44983F7D28DED2EC00B5D44B /* CommonClasses */ = {
			isa = PBXGroup;
			children = (
				44983F7B28DED1E000B5D44B /* DeveloperPreview.swift */,
			);
			path = CommonClasses;
			sourceTree = "<group>";
		};
		449F601928DCE97D007FDEA5 /* Core */ = {
			isa = PBXGroup;
			children = (
				449F601A28DCE984007FDEA5 /* Components */,
				449F601B28DCE98A007FDEA5 /* Home */,
			);
			path = Core;
			sourceTree = "<group>";
		};
		449F601A28DCE984007FDEA5 /* Components */ = {
			isa = PBXGroup;
			children = (
				449F601C28DCE9A3007FDEA5 /* CircleButton */,
				4464948928E49919006919F1 /* CoinImage */,
				44D525CB28E73D1600CF27ED /* SearchBar */,
			);
			path = Components;
			sourceTree = "<group>";
		};
		449F601B28DCE98A007FDEA5 /* Home */ = {
			isa = PBXGroup;
			children = (
				449F602128DCE9C7007FDEA5 /* ViewModels */,
				449F602228DCE9CF007FDEA5 /* Views */,
			);
			path = Home;
			sourceTree = "<group>";
		};
		449F601C28DCE9A3007FDEA5 /* CircleButton */ = {
			isa = PBXGroup;
			children = (
				449F601F28DCE9C0007FDEA5 /* CircleButtonAnimationView.swift */,
				449F601D28DCE9AD007FDEA5 /* CircleButtonView.swift */,
			);
			path = CircleButton;
			sourceTree = "<group>";
		};
		449F602128DCE9C7007FDEA5 /* ViewModels */ = {
			isa = PBXGroup;
			children = (
				44CF1D6C28E03D9300BDB90A /* HomeViewModel.swift */,
			);
			path = ViewModels;
			sourceTree = "<group>";
		};
		449F602228DCE9CF007FDEA5 /* Views */ = {
			isa = PBXGroup;
			children = (
				44983F7528DECFF900B5D44B /* CoinRowView.swift */,
				449F602328DCE9D7007FDEA5 /* HomeView.swift */,
			);
			path = Views;
			sourceTree = "<group>";
		};
		44D525CB28E73D1600CF27ED /* SearchBar */ = {
			isa = PBXGroup;
			children = (
				44D525CC28E73D2B00CF27ED /* SearchBarView.swift */,
			);
			path = SearchBar;
			sourceTree = "<group>";
		};
		44E0B35D2879F0A000A991A7 = {
			isa = PBXGroup;
			children = (
				44E0B3682879F0A000A991A7 /* Coinest */,
				44E0B3672879F0A000A991A7 /* Products */,
			);
			sourceTree = "<group>";
		};
		44E0B3672879F0A000A991A7 /* Products */ = {
			isa = PBXGroup;
			children = (
				44E0B3662879F0A000A991A7 /* Coinest.app */,
			);
			name = Products;
			sourceTree = "<group>";
		};
		44E0B3682879F0A000A991A7 /* Coinest */ = {
			isa = PBXGroup;
			children = (
				44E0B3692879F0A000A991A7 /* CoinestApp.swift */,
				44E0B36B2879F0A000A991A7 /* ContentView.swift */,
				44E0B36D2879F0A400A991A7 /* Assets.xcassets */,
				449F601928DCE97D007FDEA5 /* Core */,
				44E0B3772879F3FC00A991A7 /* Extensions */,
				44FC9EE328DDF9D000AAACE0 /* Models */,
				44E0B36F2879F0A400A991A7 /* Preview Content */,
				447BB21E28E214F00098C711 /* Services */,
				44E0B37A2879F43F00A991A7 /* Utilites */,
			);
			path = Coinest;
			sourceTree = "<group>";
		};
		44E0B36F2879F0A400A991A7 /* Preview Content */ = {
			isa = PBXGroup;
			children = (
				44FC9EE628DE026200AAACE0 /* Preview Documentation.swift */,
				44E0B3702879F0A400A991A7 /* Preview Assets.xcassets */,
			);
			path = "Preview Content";
			sourceTree = "<group>";
		};
		44E0B3772879F3FC00A991A7 /* Extensions */ = {
			isa = PBXGroup;
			children = (
				44983F8428DEE67400B5D44B /* CGFloat.swift */,
				44E10A0C28E82C1800B8B2BC /* Collection.swift */,
				44E0B3782879F40C00A991A7 /* Color.swift */,
				44983F8228DEE0E600B5D44B /* Double.swift */,
				44983F7E28DED99C00B5D44B /* Int.swift */,
				44FC9EE828DE0AAB00AAACE0 /* OptionalDouble.swift */,
				44983F8028DEDA4E00B5D44B /* OptionalString.swift */,
				44983F7728DED07D00B5D44B /* PreviewProvider.swift */,
				44D525CE28E7558A00CF27ED /* String.swift */,
				44D525D028E7593300CF27ED /* UIApplication.swift */,
			);
			path = Extensions;
			sourceTree = "<group>";
		};
		44E0B37A2879F43F00A991A7 /* Utilites */ = {
			isa = PBXGroup;
			children = (
				44983F7D28DED2EC00B5D44B /* CommonClasses */,
				447BB22128E220FF0098C711 /* CommonEnums */,
				4466BA9228E308CE007FC650 /* CommonManagers */,
				44E0B37B2879F44600A991A7 /* CommonStructs */,
			);
			path = Utilites;
			sourceTree = "<group>";
		};
		44E0B37B2879F44600A991A7 /* CommonStructs */ = {
			isa = PBXGroup;
			children = (
				44E0B37C2879F45600A991A7 /* ColorTheme.swift */,
				449F602528DCEA06007FDEA5 /* IconNaming.swift */,
				449F602728DCEA13007FDEA5 /* TitleNaming.swift */,
			);
			path = CommonStructs;
			sourceTree = "<group>";
		};
		44FC9EE328DDF9D000AAACE0 /* Models */ = {
			isa = PBXGroup;
			children = (
				44FC9EE428DDF9F200AAACE0 /* Coin.swift */,
			);
			path = Models;
			sourceTree = "<group>";
		};
/* End PBXGroup section */

/* Begin PBXNativeTarget section */
		44E0B3652879F0A000A991A7 /* Coinest */ = {
			isa = PBXNativeTarget;
			buildConfigurationList = 44E0B3742879F0A400A991A7 /* Build configuration list for PBXNativeTarget "Coinest" */;
			buildPhases = (
				44E0B3622879F0A000A991A7 /* Sources */,
				44E0B3632879F0A000A991A7 /* Frameworks */,
				44E0B3642879F0A000A991A7 /* Resources */,
			);
			buildRules = (
			);
			dependencies = (
			);
			name = Coinest;
			productName = Coinest;
			productReference = 44E0B3662879F0A000A991A7 /* Coinest.app */;
			productType = "com.apple.product-type.application";
		};
/* End PBXNativeTarget section */

/* Begin PBXProject section */
		44E0B35E2879F0A000A991A7 /* Project object */ = {
			isa = PBXProject;
			attributes = {
				BuildIndependentTargetsInParallel = 1;
				LastSwiftUpdateCheck = 1340;
				LastUpgradeCheck = 1340;
				TargetAttributes = {
					44E0B3652879F0A000A991A7 = {
						CreatedOnToolsVersion = 13.4.1;
					};
				};
			};
			buildConfigurationList = 44E0B3612879F0A000A991A7 /* Build configuration list for PBXProject "Coinest" */;
			compatibilityVersion = "Xcode 13.0";
			developmentRegion = en;
			hasScannedForEncodings = 0;
			knownRegions = (
				en,
				Base,
			);
			mainGroup = 44E0B35D2879F0A000A991A7;
			productRefGroup = 44E0B3672879F0A000A991A7 /* Products */;
			projectDirPath = "";
			projectRoot = "";
			targets = (
				44E0B3652879F0A000A991A7 /* Coinest */,
			);
		};
/* End PBXProject section */

/* Begin PBXResourcesBuildPhase section */
		44E0B3642879F0A000A991A7 /* Resources */ = {
			isa = PBXResourcesBuildPhase;
			buildActionMask = 2147483647;
			files = (
				44E0B3712879F0A400A991A7 /* Preview Assets.xcassets in Resources */,
				44E0B36E2879F0A400A991A7 /* Assets.xcassets in Resources */,
			);
			runOnlyForDeploymentPostprocessing = 0;
		};
/* End PBXResourcesBuildPhase section */

/* Begin PBXSourcesBuildPhase section */
		44E0B3622879F0A000A991A7 /* Sources */ = {
			isa = PBXSourcesBuildPhase;
			buildActionMask = 2147483647;
			files = (
				44D525CF28E7558A00CF27ED /* String.swift in Sources */,
				4466BA9428E308E4007FC650 /* NetworkManager.swift in Sources */,
				44FC9EE528DDF9F200AAACE0 /* Coin.swift in Sources */,
				44983F7628DECFF900B5D44B /* CoinRowView.swift in Sources */,
				449F602828DCEA13007FDEA5 /* TitleNaming.swift in Sources */,
				44CF1D6D28E03D9300BDB90A /* HomeViewModel.swift in Sources */,
				4464948B28E4992F006919F1 /* CoinImageView.swift in Sources */,
				44E0B36C2879F0A000A991A7 /* ContentView.swift in Sources */,
				44983F8528DEE67400B5D44B /* CGFloat.swift in Sources */,
				44E10A0D28E82C1800B8B2BC /* Collection.swift in Sources */,
				44FC9EE928DE0AAB00AAACE0 /* OptionalDouble.swift in Sources */,
				44983F8128DEDA4E00B5D44B /* OptionalString.swift in Sources */,
				44983F7C28DED1E000B5D44B /* DeveloperPreview.swift in Sources */,
				44983F7828DED07D00B5D44B /* PreviewProvider.swift in Sources */,
				447BB22028E215130098C711 /* CoinDataService.swift in Sources */,
				4464948D28E49C0C006919F1 /* CoinImageService.swift in Sources */,
				449F602428DCE9D7007FDEA5 /* HomeView.swift in Sources */,
				447BB22328E2210A0098C711 /* APIConstants.swift in Sources */,
				44E0B37D2879F45600A991A7 /* ColorTheme.swift in Sources */,
				44D525D128E7593300CF27ED /* UIApplication.swift in Sources */,
				44E0B36A2879F0A000A991A7 /* CoinestApp.swift in Sources */,
				449F601E28DCE9AD007FDEA5 /* CircleButtonView.swift in Sources */,
				44FC9EE728DE026300AAACE0 /* Preview Documentation.swift in Sources */,
				44C37EF228E638B200049E15 /* LocalFileManager.swift in Sources */,
				44E0B3792879F40C00A991A7 /* Color.swift in Sources */,
				449F602628DCEA06007FDEA5 /* IconNaming.swift in Sources */,
				449F602028DCE9C0007FDEA5 /* CircleButtonAnimationView.swift in Sources */,
				44D525CD28E73D2B00CF27ED /* SearchBarView.swift in Sources */,
				44983F8328DEE0E600B5D44B /* Double.swift in Sources */,
				44983F7F28DED99C00B5D44B /* Int.swift in Sources */,
				4464948F28E49D97006919F1 /* CoinImageViewModel.swift in Sources */,
			);
			runOnlyForDeploymentPostprocessing = 0;
		};
/* End PBXSourcesBuildPhase section */

/* Begin XCBuildConfiguration section */
		44E0B3722879F0A400A991A7 /* Debug */ = {
			isa = XCBuildConfiguration;
			buildSettings = {
				ALWAYS_SEARCH_USER_PATHS = NO;
				CLANG_ANALYZER_NONNULL = YES;
				CLANG_ANALYZER_NUMBER_OBJECT_CONVERSION = YES_AGGRESSIVE;
				CLANG_CXX_LANGUAGE_STANDARD = "gnu++17";
				CLANG_ENABLE_MODULES = YES;
				CLANG_ENABLE_OBJC_ARC = YES;
				CLANG_ENABLE_OBJC_WEAK = YES;
				CLANG_WARN_BLOCK_CAPTURE_AUTORELEASING = YES;
				CLANG_WARN_BOOL_CONVERSION = YES;
				CLANG_WARN_COMMA = YES;
				CLANG_WARN_CONSTANT_CONVERSION = YES;
				CLANG_WARN_DEPRECATED_OBJC_IMPLEMENTATIONS = YES;
				CLANG_WARN_DIRECT_OBJC_ISA_USAGE = YES_ERROR;
				CLANG_WARN_DOCUMENTATION_COMMENTS = YES;
				CLANG_WARN_EMPTY_BODY = YES;
				CLANG_WARN_ENUM_CONVERSION = YES;
				CLANG_WARN_INFINITE_RECURSION = YES;
				CLANG_WARN_INT_CONVERSION = YES;
				CLANG_WARN_NON_LITERAL_NULL_CONVERSION = YES;
				CLANG_WARN_OBJC_IMPLICIT_RETAIN_SELF = YES;
				CLANG_WARN_OBJC_LITERAL_CONVERSION = YES;
				CLANG_WARN_OBJC_ROOT_CLASS = YES_ERROR;
				CLANG_WARN_QUOTED_INCLUDE_IN_FRAMEWORK_HEADER = YES;
				CLANG_WARN_RANGE_LOOP_ANALYSIS = YES;
				CLANG_WARN_STRICT_PROTOTYPES = YES;
				CLANG_WARN_SUSPICIOUS_MOVE = YES;
				CLANG_WARN_UNGUARDED_AVAILABILITY = YES_AGGRESSIVE;
				CLANG_WARN_UNREACHABLE_CODE = YES;
				CLANG_WARN__DUPLICATE_METHOD_MATCH = YES;
				COPY_PHASE_STRIP = NO;
				DEBUG_INFORMATION_FORMAT = dwarf;
				ENABLE_STRICT_OBJC_MSGSEND = YES;
				ENABLE_TESTABILITY = YES;
				GCC_C_LANGUAGE_STANDARD = gnu11;
				GCC_DYNAMIC_NO_PIC = NO;
				GCC_NO_COMMON_BLOCKS = YES;
				GCC_OPTIMIZATION_LEVEL = 0;
				GCC_PREPROCESSOR_DEFINITIONS = (
					"DEBUG=1",
					"$(inherited)",
				);
				GCC_WARN_64_TO_32_BIT_CONVERSION = YES;
				GCC_WARN_ABOUT_RETURN_TYPE = YES_ERROR;
				GCC_WARN_UNDECLARED_SELECTOR = YES;
				GCC_WARN_UNINITIALIZED_AUTOS = YES_AGGRESSIVE;
				GCC_WARN_UNUSED_FUNCTION = YES;
				GCC_WARN_UNUSED_VARIABLE = YES;
				IPHONEOS_DEPLOYMENT_TARGET = 15.5;
				MTL_ENABLE_DEBUG_INFO = INCLUDE_SOURCE;
				MTL_FAST_MATH = YES;
				ONLY_ACTIVE_ARCH = YES;
				SDKROOT = iphoneos;
				SWIFT_ACTIVE_COMPILATION_CONDITIONS = DEBUG;
				SWIFT_OPTIMIZATION_LEVEL = "-Onone";
			};
			name = Debug;
		};
		44E0B3732879F0A400A991A7 /* Release */ = {
			isa = XCBuildConfiguration;
			buildSettings = {
				ALWAYS_SEARCH_USER_PATHS = NO;
				CLANG_ANALYZER_NONNULL = YES;
				CLANG_ANALYZER_NUMBER_OBJECT_CONVERSION = YES_AGGRESSIVE;
				CLANG_CXX_LANGUAGE_STANDARD = "gnu++17";
				CLANG_ENABLE_MODULES = YES;
				CLANG_ENABLE_OBJC_ARC = YES;
				CLANG_ENABLE_OBJC_WEAK = YES;
				CLANG_WARN_BLOCK_CAPTURE_AUTORELEASING = YES;
				CLANG_WARN_BOOL_CONVERSION = YES;
				CLANG_WARN_COMMA = YES;
				CLANG_WARN_CONSTANT_CONVERSION = YES;
				CLANG_WARN_DEPRECATED_OBJC_IMPLEMENTATIONS = YES;
				CLANG_WARN_DIRECT_OBJC_ISA_USAGE = YES_ERROR;
				CLANG_WARN_DOCUMENTATION_COMMENTS = YES;
				CLANG_WARN_EMPTY_BODY = YES;
				CLANG_WARN_ENUM_CONVERSION = YES;
				CLANG_WARN_INFINITE_RECURSION = YES;
				CLANG_WARN_INT_CONVERSION = YES;
				CLANG_WARN_NON_LITERAL_NULL_CONVERSION = YES;
				CLANG_WARN_OBJC_IMPLICIT_RETAIN_SELF = YES;
				CLANG_WARN_OBJC_LITERAL_CONVERSION = YES;
				CLANG_WARN_OBJC_ROOT_CLASS = YES_ERROR;
				CLANG_WARN_QUOTED_INCLUDE_IN_FRAMEWORK_HEADER = YES;
				CLANG_WARN_RANGE_LOOP_ANALYSIS = YES;
				CLANG_WARN_STRICT_PROTOTYPES = YES;
				CLANG_WARN_SUSPICIOUS_MOVE = YES;
				CLANG_WARN_UNGUARDED_AVAILABILITY = YES_AGGRESSIVE;
				CLANG_WARN_UNREACHABLE_CODE = YES;
				CLANG_WARN__DUPLICATE_METHOD_MATCH = YES;
				COPY_PHASE_STRIP = NO;
				DEBUG_INFORMATION_FORMAT = "dwarf-with-dsym";
				ENABLE_NS_ASSERTIONS = NO;
				ENABLE_STRICT_OBJC_MSGSEND = YES;
				GCC_C_LANGUAGE_STANDARD = gnu11;
				GCC_NO_COMMON_BLOCKS = YES;
				GCC_WARN_64_TO_32_BIT_CONVERSION = YES;
				GCC_WARN_ABOUT_RETURN_TYPE = YES_ERROR;
				GCC_WARN_UNDECLARED_SELECTOR = YES;
				GCC_WARN_UNINITIALIZED_AUTOS = YES_AGGRESSIVE;
				GCC_WARN_UNUSED_FUNCTION = YES;
				GCC_WARN_UNUSED_VARIABLE = YES;
				IPHONEOS_DEPLOYMENT_TARGET = 15.5;
				MTL_ENABLE_DEBUG_INFO = NO;
				MTL_FAST_MATH = YES;
				SDKROOT = iphoneos;
				SWIFT_COMPILATION_MODE = wholemodule;
				SWIFT_OPTIMIZATION_LEVEL = "-O";
				VALIDATE_PRODUCT = YES;
			};
			name = Release;
		};
		44E0B3752879F0A400A991A7 /* Debug */ = {
			isa = XCBuildConfiguration;
			buildSettings = {
				ASSETCATALOG_COMPILER_APPICON_NAME = AppIcon;
				ASSETCATALOG_COMPILER_GLOBAL_ACCENT_COLOR_NAME = AccentColor;
				CODE_SIGN_STYLE = Automatic;
				CURRENT_PROJECT_VERSION = 1;
				DEVELOPMENT_ASSET_PATHS = "\"Coinest/Preview Content\"";
				DEVELOPMENT_TEAM = 7GW83GWCK8;
				ENABLE_PREVIEWS = YES;
				GENERATE_INFOPLIST_FILE = YES;
				INFOPLIST_KEY_UIApplicationSceneManifest_Generation = YES;
				INFOPLIST_KEY_UIApplicationSupportsIndirectInputEvents = YES;
				INFOPLIST_KEY_UILaunchScreen_Generation = YES;
				INFOPLIST_KEY_UISupportedInterfaceOrientations = UIInterfaceOrientationPortrait;
				LD_RUNPATH_SEARCH_PATHS = (
					"$(inherited)",
					"@executable_path/Frameworks",
				);
				MARKETING_VERSION = 1.0;
				PRODUCT_BUNDLE_IDENTIFIER = com.icloud.yusasarisoy.Coinest;
				PRODUCT_NAME = "$(TARGET_NAME)";
				SWIFT_EMIT_LOC_STRINGS = YES;
				SWIFT_VERSION = 5.0;
				TARGETED_DEVICE_FAMILY = "1,2";
			};
			name = Debug;
		};
		44E0B3762879F0A400A991A7 /* Release */ = {
			isa = XCBuildConfiguration;
			buildSettings = {
				ASSETCATALOG_COMPILER_APPICON_NAME = AppIcon;
				ASSETCATALOG_COMPILER_GLOBAL_ACCENT_COLOR_NAME = AccentColor;
				CODE_SIGN_STYLE = Automatic;
				CURRENT_PROJECT_VERSION = 1;
				DEVELOPMENT_ASSET_PATHS = "\"Coinest/Preview Content\"";
				DEVELOPMENT_TEAM = 7GW83GWCK8;
				ENABLE_PREVIEWS = YES;
				GENERATE_INFOPLIST_FILE = YES;
				INFOPLIST_KEY_UIApplicationSceneManifest_Generation = YES;
				INFOPLIST_KEY_UIApplicationSupportsIndirectInputEvents = YES;
				INFOPLIST_KEY_UILaunchScreen_Generation = YES;
				INFOPLIST_KEY_UISupportedInterfaceOrientations = UIInterfaceOrientationPortrait;
				LD_RUNPATH_SEARCH_PATHS = (
					"$(inherited)",
					"@executable_path/Frameworks",
				);
				MARKETING_VERSION = 1.0;
				PRODUCT_BUNDLE_IDENTIFIER = com.icloud.yusasarisoy.Coinest;
				PRODUCT_NAME = "$(TARGET_NAME)";
				SWIFT_EMIT_LOC_STRINGS = YES;
				SWIFT_VERSION = 5.0;
				TARGETED_DEVICE_FAMILY = "1,2";
			};
			name = Release;
		};
/* End XCBuildConfiguration section */

/* Begin XCConfigurationList section */
		44E0B3612879F0A000A991A7 /* Build configuration list for PBXProject "Coinest" */ = {
			isa = XCConfigurationList;
			buildConfigurations = (
				44E0B3722879F0A400A991A7 /* Debug */,
				44E0B3732879F0A400A991A7 /* Release */,
			);
			defaultConfigurationIsVisible = 0;
			defaultConfigurationName = Release;
		};
		44E0B3742879F0A400A991A7 /* Build configuration list for PBXNativeTarget "Coinest" */ = {
			isa = XCConfigurationList;
			buildConfigurations = (
				44E0B3752879F0A400A991A7 /* Debug */,
				44E0B3762879F0A400A991A7 /* Release */,
			);
			defaultConfigurationIsVisible = 0;
			defaultConfigurationName = Release;
		};
/* End XCConfigurationList section */
	};
	rootObject = 44E0B35E2879F0A000A991A7 /* Project object */;
}
