// !$*UTF8*$!
{
	archiveVersion = 1;
	classes = {
	};
	objectVersion = 55;
	objects = {

/* Begin PBXBuildFile section */
		442F1FFF28FD338D00BEB614 /* DetailView.swift in Sources */ = {isa = PBXBuildFile; fileRef = 442F1FFE28FD338D00BEB614 /* DetailView.swift */; };
		443DC1D128F2BF30009F091D /* CoinestTests.swift in Sources */ = {isa = PBXBuildFile; fileRef = 443DC1D028F2BF30009F091D /* CoinestTests.swift */; };
		443DC1D828F2BF42009F091D /* TestCoreDataStack.swift in Sources */ = {isa = PBXBuildFile; fileRef = 443DC1D728F2BF42009F091D /* TestCoreDataStack.swift */; };
		443DC1DA28F2BFCE009F091D /* CoreDataConstant.swift in Sources */ = {isa = PBXBuildFile; fileRef = 443DC1D928F2BFCE009F091D /* CoreDataConstant.swift */; };
		443DC1DC28F2C248009F091D /* CoreDataStack.swift in Sources */ = {isa = PBXBuildFile; fileRef = 443DC1DB28F2C248009F091D /* CoreDataStack.swift */; };
		444FCC8D28F964360066864E /* Color.swift in Sources */ = {isa = PBXBuildFile; fileRef = 444FCC8C28F964350066864E /* Color.swift */; };
		4452925B28EDE54D006DD93C /* PortfolioView.swift in Sources */ = {isa = PBXBuildFile; fileRef = 4452925A28EDE54D006DD93C /* PortfolioView.swift */; };
		4452926128EDECDD006DD93C /* CoinLogoView.swift in Sources */ = {isa = PBXBuildFile; fileRef = 4452926028EDECDD006DD93C /* CoinLogoView.swift */; };
		4464948B28E4992F006919F1 /* CoinImageView.swift in Sources */ = {isa = PBXBuildFile; fileRef = 4464948A28E4992F006919F1 /* CoinImageView.swift */; };
		4464948D28E49C0C006919F1 /* CoinImageService.swift in Sources */ = {isa = PBXBuildFile; fileRef = 4464948C28E49C0C006919F1 /* CoinImageService.swift */; };
		4464948F28E49D97006919F1 /* CoinImageViewModel.swift in Sources */ = {isa = PBXBuildFile; fileRef = 4464948E28E49D97006919F1 /* CoinImageViewModel.swift */; };
		4466BA9428E308E4007FC650 /* NetworkManager.swift in Sources */ = {isa = PBXBuildFile; fileRef = 4466BA9328E308E4007FC650 /* NetworkManager.swift */; };
		447930BA28FEE97800068541 /* CoinDetail.swift in Sources */ = {isa = PBXBuildFile; fileRef = 447930B928FEE97800068541 /* CoinDetail.swift */; };
		447930BC28FEECA900068541 /* DetailViewModel.swift in Sources */ = {isa = PBXBuildFile; fileRef = 447930BB28FEECA900068541 /* DetailViewModel.swift */; };
		447930BE28FEECD600068541 /* CoinDetailDataService.swift in Sources */ = {isa = PBXBuildFile; fileRef = 447930BD28FEECD600068541 /* CoinDetailDataService.swift */; };
		447BB22028E215130098C711 /* CoinDataService.swift in Sources */ = {isa = PBXBuildFile; fileRef = 447BB21F28E215130098C711 /* CoinDataService.swift */; };
		447BB22328E2210A0098C711 /* APIConstant.swift in Sources */ = {isa = PBXBuildFile; fileRef = 447BB22228E2210A0098C711 /* APIConstant.swift */; };
		448A771A28F5302100E310FC /* SortOption.swift in Sources */ = {isa = PBXBuildFile; fileRef = 448A771928F5302100E310FC /* SortOption.swift */; };
		4492679128F6D3BE004C58A9 /* Localizable.strings in Resources */ = {isa = PBXBuildFile; fileRef = 4492679328F6D3BE004C58A9 /* Localizable.strings */; };
		4492679B28F6F5E5004C58A9 /* LocalizationTests.swift in Sources */ = {isa = PBXBuildFile; fileRef = 4492679A28F6F5E5004C58A9 /* LocalizationTests.swift */; };
		44983F7628DECFF900B5D44B /* CoinRowView.swift in Sources */ = {isa = PBXBuildFile; fileRef = 44983F7528DECFF900B5D44B /* CoinRowView.swift */; };
		44983F7828DED07D00B5D44B /* PreviewProvider.swift in Sources */ = {isa = PBXBuildFile; fileRef = 44983F7728DED07D00B5D44B /* PreviewProvider.swift */; };
		44983F7C28DED1E000B5D44B /* DeveloperPreview.swift in Sources */ = {isa = PBXBuildFile; fileRef = 44983F7B28DED1E000B5D44B /* DeveloperPreview.swift */; };
		44983F7F28DED99C00B5D44B /* Int.swift in Sources */ = {isa = PBXBuildFile; fileRef = 44983F7E28DED99C00B5D44B /* Int.swift */; };
		44983F8128DEDA4E00B5D44B /* OptionalString.swift in Sources */ = {isa = PBXBuildFile; fileRef = 44983F8028DEDA4E00B5D44B /* OptionalString.swift */; };
		44983F8328DEE0E600B5D44B /* Double.swift in Sources */ = {isa = PBXBuildFile; fileRef = 44983F8228DEE0E600B5D44B /* Double.swift */; };
		44983F8528DEE67400B5D44B /* CGFloat.swift in Sources */ = {isa = PBXBuildFile; fileRef = 44983F8428DEE67400B5D44B /* CGFloat.swift */; };
		449E854428EB1E7A00FCD6D8 /* MarketData.swift in Sources */ = {isa = PBXBuildFile; fileRef = 449E854328EB1E7A00FCD6D8 /* MarketData.swift */; };
		449E854828EB233100FCD6D8 /* MarketDataService.swift in Sources */ = {isa = PBXBuildFile; fileRef = 449E854728EB233100FCD6D8 /* MarketDataService.swift */; };
		449F5EBF28F72829002B0760 /* String.swift in Sources */ = {isa = PBXBuildFile; fileRef = 449F5EBE28F72829002B0760 /* String.swift */; };
		449F601E28DCE9AD007FDEA5 /* CircleButtonView.swift in Sources */ = {isa = PBXBuildFile; fileRef = 449F601D28DCE9AD007FDEA5 /* CircleButtonView.swift */; };
		449F602028DCE9C0007FDEA5 /* CircleButtonAnimationView.swift in Sources */ = {isa = PBXBuildFile; fileRef = 449F601F28DCE9C0007FDEA5 /* CircleButtonAnimationView.swift */; };
		449F602428DCE9D7007FDEA5 /* HomeView.swift in Sources */ = {isa = PBXBuildFile; fileRef = 449F602328DCE9D7007FDEA5 /* HomeView.swift */; };
		449F602628DCEA06007FDEA5 /* IconNaming.swift in Sources */ = {isa = PBXBuildFile; fileRef = 449F602528DCEA06007FDEA5 /* IconNaming.swift */; };
		44A72E84292557E6004639AA /* SnapshotTesting in Frameworks */ = {isa = PBXBuildFile; productRef = 44A72E83292557E6004639AA /* SnapshotTesting */; };
		44BFA753291AAAFD00B3693E /* HomeViewTests.swift in Sources */ = {isa = PBXBuildFile; fileRef = 44BFA752291AAAFD00B3693E /* HomeViewTests.swift */; };
		44C37EF228E638B200049E15 /* LocalFileManager.swift in Sources */ = {isa = PBXBuildFile; fileRef = 44C37EF128E638B200049E15 /* LocalFileManager.swift */; };
		44CF1D6D28E03D9300BDB90A /* HomeViewModel.swift in Sources */ = {isa = PBXBuildFile; fileRef = 44CF1D6C28E03D9300BDB90A /* HomeViewModel.swift */; };
		44D151BD28EF1D7500966670 /* PortfolioDataService.swift in Sources */ = {isa = PBXBuildFile; fileRef = 44D151BC28EF1D7500966670 /* PortfolioDataService.swift */; };
		44D151C028EF242900966670 /* PortfolioDataModel.xcdatamodeld in Sources */ = {isa = PBXBuildFile; fileRef = 44D151BE28EF242900966670 /* PortfolioDataModel.xcdatamodeld */; };
		44D525CD28E73D2B00CF27ED /* SearchBarView.swift in Sources */ = {isa = PBXBuildFile; fileRef = 44D525CC28E73D2B00CF27ED /* SearchBarView.swift */; };
		44D525CF28E7558A00CF27ED /* String.swift in Sources */ = {isa = PBXBuildFile; fileRef = 44D525CE28E7558A00CF27ED /* String.swift */; };
		44D525D128E7593300CF27ED /* UIApplication.swift in Sources */ = {isa = PBXBuildFile; fileRef = 44D525D028E7593300CF27ED /* UIApplication.swift */; };
		44D8077E291961FC00F55318 /* CoinRowViewTests.swift in Sources */ = {isa = PBXBuildFile; fileRef = 44D8077D291961FC00F55318 /* CoinRowViewTests.swift */; };
		44E0B36A2879F0A000A991A7 /* CoinestApp.swift in Sources */ = {isa = PBXBuildFile; fileRef = 44E0B3692879F0A000A991A7 /* CoinestApp.swift */; };
		44E0B36E2879F0A400A991A7 /* Assets.xcassets in Resources */ = {isa = PBXBuildFile; fileRef = 44E0B36D2879F0A400A991A7 /* Assets.xcassets */; };
		44E0B3712879F0A400A991A7 /* Preview Assets.xcassets in Resources */ = {isa = PBXBuildFile; fileRef = 44E0B3702879F0A400A991A7 /* Preview Assets.xcassets */; };
		44E0B37D2879F45600A991A7 /* ColorTheme.swift in Sources */ = {isa = PBXBuildFile; fileRef = 44E0B37C2879F45600A991A7 /* ColorTheme.swift */; };
		44E10A0D28E82C1800B8B2BC /* Collection.swift in Sources */ = {isa = PBXBuildFile; fileRef = 44E10A0C28E82C1800B8B2BC /* Collection.swift */; };
		44FA236628E98EE3003D3ACE /* Statistic.swift in Sources */ = {isa = PBXBuildFile; fileRef = 44FA236528E98EE3003D3ACE /* Statistic.swift */; };
		44FA236828E99014003D3ACE /* StatisticView.swift in Sources */ = {isa = PBXBuildFile; fileRef = 44FA236728E99014003D3ACE /* StatisticView.swift */; };
		44FA236B28E9981E003D3ACE /* HomeStatisticsView.swift in Sources */ = {isa = PBXBuildFile; fileRef = 44FA236A28E9981E003D3ACE /* HomeStatisticsView.swift */; };
		44FC9EE528DDF9F200AAACE0 /* Coin.swift in Sources */ = {isa = PBXBuildFile; fileRef = 44FC9EE428DDF9F200AAACE0 /* Coin.swift */; };
		44FC9EE728DE026300AAACE0 /* Preview Documentation.swift in Sources */ = {isa = PBXBuildFile; fileRef = 44FC9EE628DE026200AAACE0 /* Preview Documentation.swift */; };
		44FC9EE928DE0AAB00AAACE0 /* OptionalDouble.swift in Sources */ = {isa = PBXBuildFile; fileRef = 44FC9EE828DE0AAB00AAACE0 /* OptionalDouble.swift */; };
/* End PBXBuildFile section */

/* Begin PBXContainerItemProxy section */
		443DC1D228F2BF30009F091D /* PBXContainerItemProxy */ = {
			isa = PBXContainerItemProxy;
			containerPortal = 44E0B35E2879F0A000A991A7 /* Project object */;
			proxyType = 1;
			remoteGlobalIDString = 44E0B3652879F0A000A991A7;
			remoteInfo = Coinest;
		};
/* End PBXContainerItemProxy section */

/* Begin PBXFileReference section */
		442F1FFE28FD338D00BEB614 /* DetailView.swift */ = {isa = PBXFileReference; lastKnownFileType = sourcecode.swift; path = DetailView.swift; sourceTree = "<group>"; };
		443DC1CE28F2BF30009F091D /* CoinestTests.xctest */ = {isa = PBXFileReference; explicitFileType = wrapper.cfbundle; includeInIndex = 0; path = CoinestTests.xctest; sourceTree = BUILT_PRODUCTS_DIR; };
		443DC1D028F2BF30009F091D /* CoinestTests.swift */ = {isa = PBXFileReference; lastKnownFileType = sourcecode.swift; path = CoinestTests.swift; sourceTree = "<group>"; };
		443DC1D728F2BF42009F091D /* TestCoreDataStack.swift */ = {isa = PBXFileReference; lastKnownFileType = sourcecode.swift; path = TestCoreDataStack.swift; sourceTree = "<group>"; };
		443DC1D928F2BFCE009F091D /* CoreDataConstant.swift */ = {isa = PBXFileReference; lastKnownFileType = sourcecode.swift; path = CoreDataConstant.swift; sourceTree = "<group>"; };
		443DC1DB28F2C248009F091D /* CoreDataStack.swift */ = {isa = PBXFileReference; lastKnownFileType = sourcecode.swift; path = CoreDataStack.swift; sourceTree = "<group>"; };
		444FCC8C28F964350066864E /* Color.swift */ = {isa = PBXFileReference; fileEncoding = 4; lastKnownFileType = sourcecode.swift; path = Color.swift; sourceTree = "<group>"; };
		4452925A28EDE54D006DD93C /* PortfolioView.swift */ = {isa = PBXFileReference; lastKnownFileType = sourcecode.swift; path = PortfolioView.swift; sourceTree = "<group>"; };
		4452926028EDECDD006DD93C /* CoinLogoView.swift */ = {isa = PBXFileReference; lastKnownFileType = sourcecode.swift; path = CoinLogoView.swift; sourceTree = "<group>"; };
		4464948A28E4992F006919F1 /* CoinImageView.swift */ = {isa = PBXFileReference; lastKnownFileType = sourcecode.swift; path = CoinImageView.swift; sourceTree = "<group>"; };
		4464948C28E49C0C006919F1 /* CoinImageService.swift */ = {isa = PBXFileReference; lastKnownFileType = sourcecode.swift; path = CoinImageService.swift; sourceTree = "<group>"; };
		4464948E28E49D97006919F1 /* CoinImageViewModel.swift */ = {isa = PBXFileReference; lastKnownFileType = sourcecode.swift; path = CoinImageViewModel.swift; sourceTree = "<group>"; };
		4466BA9328E308E4007FC650 /* NetworkManager.swift */ = {isa = PBXFileReference; lastKnownFileType = sourcecode.swift; path = NetworkManager.swift; sourceTree = "<group>"; };
		447930B928FEE97800068541 /* CoinDetail.swift */ = {isa = PBXFileReference; lastKnownFileType = sourcecode.swift; path = CoinDetail.swift; sourceTree = "<group>"; };
		447930BB28FEECA900068541 /* DetailViewModel.swift */ = {isa = PBXFileReference; lastKnownFileType = sourcecode.swift; path = DetailViewModel.swift; sourceTree = "<group>"; };
		447930BD28FEECD600068541 /* CoinDetailDataService.swift */ = {isa = PBXFileReference; lastKnownFileType = sourcecode.swift; path = CoinDetailDataService.swift; sourceTree = "<group>"; };
		447BB21F28E215130098C711 /* CoinDataService.swift */ = {isa = PBXFileReference; lastKnownFileType = sourcecode.swift; path = CoinDataService.swift; sourceTree = "<group>"; };
		447BB22228E2210A0098C711 /* APIConstant.swift */ = {isa = PBXFileReference; lastKnownFileType = sourcecode.swift; path = APIConstant.swift; sourceTree = "<group>"; };
		448A771928F5302100E310FC /* SortOption.swift */ = {isa = PBXFileReference; lastKnownFileType = sourcecode.swift; path = SortOption.swift; sourceTree = "<group>"; };
		4492679528F6DE9D004C58A9 /* tr */ = {isa = PBXFileReference; lastKnownFileType = text.plist.strings; name = tr; path = tr.lproj/Localizable.strings; sourceTree = "<group>"; };
		4492679628F6DECD004C58A9 /* en */ = {isa = PBXFileReference; lastKnownFileType = text.plist.strings; name = en; path = en.lproj/Localizable.strings; sourceTree = "<group>"; };
		4492679A28F6F5E5004C58A9 /* LocalizationTests.swift */ = {isa = PBXFileReference; lastKnownFileType = sourcecode.swift; path = LocalizationTests.swift; sourceTree = "<group>"; };
		44983F7528DECFF900B5D44B /* CoinRowView.swift */ = {isa = PBXFileReference; lastKnownFileType = sourcecode.swift; path = CoinRowView.swift; sourceTree = "<group>"; };
		44983F7728DED07D00B5D44B /* PreviewProvider.swift */ = {isa = PBXFileReference; lastKnownFileType = sourcecode.swift; path = PreviewProvider.swift; sourceTree = "<group>"; };
		44983F7B28DED1E000B5D44B /* DeveloperPreview.swift */ = {isa = PBXFileReference; lastKnownFileType = sourcecode.swift; path = DeveloperPreview.swift; sourceTree = "<group>"; };
		44983F7E28DED99C00B5D44B /* Int.swift */ = {isa = PBXFileReference; lastKnownFileType = sourcecode.swift; path = Int.swift; sourceTree = "<group>"; };
		44983F8028DEDA4E00B5D44B /* OptionalString.swift */ = {isa = PBXFileReference; lastKnownFileType = sourcecode.swift; path = OptionalString.swift; sourceTree = "<group>"; };
		44983F8228DEE0E600B5D44B /* Double.swift */ = {isa = PBXFileReference; lastKnownFileType = sourcecode.swift; path = Double.swift; sourceTree = "<group>"; };
		44983F8428DEE67400B5D44B /* CGFloat.swift */ = {isa = PBXFileReference; lastKnownFileType = sourcecode.swift; path = CGFloat.swift; sourceTree = "<group>"; };
		449E854328EB1E7A00FCD6D8 /* MarketData.swift */ = {isa = PBXFileReference; lastKnownFileType = sourcecode.swift; path = MarketData.swift; sourceTree = "<group>"; };
		449E854728EB233100FCD6D8 /* MarketDataService.swift */ = {isa = PBXFileReference; lastKnownFileType = sourcecode.swift; path = MarketDataService.swift; sourceTree = "<group>"; };
		449F5EBE28F72829002B0760 /* String.swift */ = {isa = PBXFileReference; fileEncoding = 4; lastKnownFileType = sourcecode.swift; path = String.swift; sourceTree = "<group>"; };
		449F601D28DCE9AD007FDEA5 /* CircleButtonView.swift */ = {isa = PBXFileReference; lastKnownFileType = sourcecode.swift; path = CircleButtonView.swift; sourceTree = "<group>"; };
		449F601F28DCE9C0007FDEA5 /* CircleButtonAnimationView.swift */ = {isa = PBXFileReference; lastKnownFileType = sourcecode.swift; path = CircleButtonAnimationView.swift; sourceTree = "<group>"; };
		449F602328DCE9D7007FDEA5 /* HomeView.swift */ = {isa = PBXFileReference; lastKnownFileType = sourcecode.swift; path = HomeView.swift; sourceTree = "<group>"; };
		449F602528DCEA06007FDEA5 /* IconNaming.swift */ = {isa = PBXFileReference; lastKnownFileType = sourcecode.swift; path = IconNaming.swift; sourceTree = "<group>"; };
		44BFA752291AAAFD00B3693E /* HomeViewTests.swift */ = {isa = PBXFileReference; lastKnownFileType = sourcecode.swift; path = HomeViewTests.swift; sourceTree = "<group>"; };
		44C37EF128E638B200049E15 /* LocalFileManager.swift */ = {isa = PBXFileReference; lastKnownFileType = sourcecode.swift; path = LocalFileManager.swift; sourceTree = "<group>"; };
		44CF1D6C28E03D9300BDB90A /* HomeViewModel.swift */ = {isa = PBXFileReference; lastKnownFileType = sourcecode.swift; path = HomeViewModel.swift; sourceTree = "<group>"; };
		44D151BC28EF1D7500966670 /* PortfolioDataService.swift */ = {isa = PBXFileReference; lastKnownFileType = sourcecode.swift; path = PortfolioDataService.swift; sourceTree = "<group>"; };
		44D151BF28EF242900966670 /* PortfolioDataModel.xcdatamodel */ = {isa = PBXFileReference; lastKnownFileType = wrapper.xcdatamodel; path = PortfolioDataModel.xcdatamodel; sourceTree = "<group>"; };
		44D525CC28E73D2B00CF27ED /* SearchBarView.swift */ = {isa = PBXFileReference; lastKnownFileType = sourcecode.swift; path = SearchBarView.swift; sourceTree = "<group>"; };
		44D525CE28E7558A00CF27ED /* String.swift */ = {isa = PBXFileReference; lastKnownFileType = sourcecode.swift; path = String.swift; sourceTree = "<group>"; };
		44D525D028E7593300CF27ED /* UIApplication.swift */ = {isa = PBXFileReference; lastKnownFileType = sourcecode.swift; path = UIApplication.swift; sourceTree = "<group>"; };
		44D8077D291961FC00F55318 /* CoinRowViewTests.swift */ = {isa = PBXFileReference; lastKnownFileType = sourcecode.swift; path = CoinRowViewTests.swift; sourceTree = "<group>"; };
		44E0B3662879F0A000A991A7 /* Coinest.app */ = {isa = PBXFileReference; explicitFileType = wrapper.application; includeInIndex = 0; path = Coinest.app; sourceTree = BUILT_PRODUCTS_DIR; };
		44E0B3692879F0A000A991A7 /* CoinestApp.swift */ = {isa = PBXFileReference; lastKnownFileType = sourcecode.swift; path = CoinestApp.swift; sourceTree = "<group>"; };
		44E0B36D2879F0A400A991A7 /* Assets.xcassets */ = {isa = PBXFileReference; lastKnownFileType = folder.assetcatalog; path = Assets.xcassets; sourceTree = "<group>"; };
		44E0B3702879F0A400A991A7 /* Preview Assets.xcassets */ = {isa = PBXFileReference; lastKnownFileType = folder.assetcatalog; path = "Preview Assets.xcassets"; sourceTree = "<group>"; };
		44E0B37C2879F45600A991A7 /* ColorTheme.swift */ = {isa = PBXFileReference; lastKnownFileType = sourcecode.swift; path = ColorTheme.swift; sourceTree = "<group>"; };
		44E10A0C28E82C1800B8B2BC /* Collection.swift */ = {isa = PBXFileReference; lastKnownFileType = sourcecode.swift; path = Collection.swift; sourceTree = "<group>"; };
		44FA236528E98EE3003D3ACE /* Statistic.swift */ = {isa = PBXFileReference; lastKnownFileType = sourcecode.swift; path = Statistic.swift; sourceTree = "<group>"; };
		44FA236728E99014003D3ACE /* StatisticView.swift */ = {isa = PBXFileReference; lastKnownFileType = sourcecode.swift; path = StatisticView.swift; sourceTree = "<group>"; };
		44FA236A28E9981E003D3ACE /* HomeStatisticsView.swift */ = {isa = PBXFileReference; lastKnownFileType = sourcecode.swift; path = HomeStatisticsView.swift; sourceTree = "<group>"; };
		44FC9EE428DDF9F200AAACE0 /* Coin.swift */ = {isa = PBXFileReference; lastKnownFileType = sourcecode.swift; path = Coin.swift; sourceTree = "<group>"; };
		44FC9EE628DE026200AAACE0 /* Preview Documentation.swift */ = {isa = PBXFileReference; lastKnownFileType = sourcecode.swift; path = "Preview Documentation.swift"; sourceTree = "<group>"; };
		44FC9EE828DE0AAB00AAACE0 /* OptionalDouble.swift */ = {isa = PBXFileReference; lastKnownFileType = sourcecode.swift; path = OptionalDouble.swift; sourceTree = "<group>"; };
/* End PBXFileReference section */

/* Begin PBXFrameworksBuildPhase section */
		443DC1CB28F2BF30009F091D /* Frameworks */ = {
			isa = PBXFrameworksBuildPhase;
			buildActionMask = 2147483647;
			files = (
				44A72E84292557E6004639AA /* SnapshotTesting in Frameworks */,
			);
			runOnlyForDeploymentPostprocessing = 0;
		};
		44E0B3632879F0A000A991A7 /* Frameworks */ = {
			isa = PBXFrameworksBuildPhase;
			buildActionMask = 2147483647;
			files = (
			);
			runOnlyForDeploymentPostprocessing = 0;
		};
/* End PBXFrameworksBuildPhase section */

/* Begin PBXGroup section */
		442F1FFB28FD336100BEB614 /* Detail */ = {
			isa = PBXGroup;
			children = (
				442F1FFC28FD336B00BEB614 /* ViewModels */,
				442F1FFD28FD337500BEB614 /* Views */,
			);
			path = Detail;
			sourceTree = "<group>";
		};
		442F1FFC28FD336B00BEB614 /* ViewModels */ = {
			isa = PBXGroup;
			children = (
				447930BB28FEECA900068541 /* DetailViewModel.swift */,
			);
			path = ViewModels;
			sourceTree = "<group>";
		};
		442F1FFD28FD337500BEB614 /* Views */ = {
			isa = PBXGroup;
			children = (
				442F1FFE28FD338D00BEB614 /* DetailView.swift */,
			);
			path = Views;
			sourceTree = "<group>";
		};
		44365DE228F6D36D00805AF0 /* Localization */ = {
			isa = PBXGroup;
			children = (
				4492679328F6D3BE004C58A9 /* Localizable.strings */,
			);
			path = Localization;
			sourceTree = "<group>";
		};
		443DC1CF28F2BF30009F091D /* CoinestTests */ = {
			isa = PBXGroup;
			children = (
				44D8077929195DAD00F55318 /* SnapshotTests */,
				443DC1D028F2BF30009F091D /* CoinestTests.swift */,
				443DC1D728F2BF42009F091D /* TestCoreDataStack.swift */,
				4492679E28F6F903004C58A9 /* LocalizationTests */,
			);
			path = CoinestTests;
			sourceTree = "<group>";
		};
		4452925F28EDECD3006DD93C /* CoinLogoView */ = {
			isa = PBXGroup;
			children = (
				4452926028EDECDD006DD93C /* CoinLogoView.swift */,
			);
			path = CoinLogoView;
			sourceTree = "<group>";
		};
		4464948928E49919006919F1 /* CoinImage */ = {
			isa = PBXGroup;
			children = (
				4464948A28E4992F006919F1 /* CoinImageView.swift */,
				4464948E28E49D97006919F1 /* CoinImageViewModel.swift */,
			);
			path = CoinImage;
			sourceTree = "<group>";
		};
		4466BA9228E308CE007FC650 /* CommonManagers */ = {
			isa = PBXGroup;
			children = (
				44C37EF128E638B200049E15 /* LocalFileManager.swift */,
				4466BA9328E308E4007FC650 /* NetworkManager.swift */,
			);
			path = CommonManagers;
			sourceTree = "<group>";
		};
		447BB21E28E214F00098C711 /* Services */ = {
			isa = PBXGroup;
			children = (
				447BB21F28E215130098C711 /* CoinDataService.swift */,
				447930BD28FEECD600068541 /* CoinDetailDataService.swift */,
				4464948C28E49C0C006919F1 /* CoinImageService.swift */,
				443DC1DB28F2C248009F091D /* CoreDataStack.swift */,
				449E854728EB233100FCD6D8 /* MarketDataService.swift */,
				44D151BC28EF1D7500966670 /* PortfolioDataService.swift */,
			);
			path = Services;
			sourceTree = "<group>";
		};
		447BB22128E220FF0098C711 /* CommonEnums */ = {
			isa = PBXGroup;
			children = (
				447BB22228E2210A0098C711 /* APIConstant.swift */,
				443DC1D928F2BFCE009F091D /* CoreDataConstant.swift */,
				448A771928F5302100E310FC /* SortOption.swift */,
			);
			path = CommonEnums;
			sourceTree = "<group>";
		};
		4492679E28F6F903004C58A9 /* LocalizationTests */ = {
			isa = PBXGroup;
			children = (
				4492679A28F6F5E5004C58A9 /* LocalizationTests.swift */,
				449F5EBE28F72829002B0760 /* String.swift */,
			);
			path = LocalizationTests;
			sourceTree = "<group>";
		};
		44983F7D28DED2EC00B5D44B /* CommonClasses */ = {
			isa = PBXGroup;
			children = (
				44983F7B28DED1E000B5D44B /* DeveloperPreview.swift */,
			);
			path = CommonClasses;
			sourceTree = "<group>";
		};
		449F5EBD28F72296002B0760 /* Assets */ = {
			isa = PBXGroup;
			children = (
				44E0B36D2879F0A400A991A7 /* Assets.xcassets */,
			);
			path = Assets;
			sourceTree = "<group>";
		};
		449F601928DCE97D007FDEA5 /* Core */ = {
			isa = PBXGroup;
			children = (
				449F601A28DCE984007FDEA5 /* Components */,
				442F1FFB28FD336100BEB614 /* Detail */,
				449F601B28DCE98A007FDEA5 /* Home */,
			);
			path = Core;
			sourceTree = "<group>";
		};
		449F601A28DCE984007FDEA5 /* Components */ = {
			isa = PBXGroup;
			children = (
				449F601C28DCE9A3007FDEA5 /* CircleButton */,
				4464948928E49919006919F1 /* CoinImage */,
				4452925F28EDECD3006DD93C /* CoinLogoView */,
				44D525CB28E73D1600CF27ED /* SearchBar */,
				44FA236928E9901F003D3ACE /* StatisticView */,
			);
			path = Components;
			sourceTree = "<group>";
		};
		449F601B28DCE98A007FDEA5 /* Home */ = {
			isa = PBXGroup;
			children = (
				449F602128DCE9C7007FDEA5 /* ViewModels */,
				449F602228DCE9CF007FDEA5 /* Views */,
			);
			path = Home;
			sourceTree = "<group>";
		};
		449F601C28DCE9A3007FDEA5 /* CircleButton */ = {
			isa = PBXGroup;
			children = (
				449F601F28DCE9C0007FDEA5 /* CircleButtonAnimationView.swift */,
				449F601D28DCE9AD007FDEA5 /* CircleButtonView.swift */,
			);
			path = CircleButton;
			sourceTree = "<group>";
		};
		449F602128DCE9C7007FDEA5 /* ViewModels */ = {
			isa = PBXGroup;
			children = (
				44CF1D6C28E03D9300BDB90A /* HomeViewModel.swift */,
			);
			path = ViewModels;
			sourceTree = "<group>";
		};
		449F602228DCE9CF007FDEA5 /* Views */ = {
			isa = PBXGroup;
			children = (
				44983F7528DECFF900B5D44B /* CoinRowView.swift */,
				44FA236A28E9981E003D3ACE /* HomeStatisticsView.swift */,
				449F602328DCE9D7007FDEA5 /* HomeView.swift */,
				4452925A28EDE54D006DD93C /* PortfolioView.swift */,
			);
			path = Views;
			sourceTree = "<group>";
		};
		44BFA751291AAAE300B3693E /* HomeViewTests */ = {
			isa = PBXGroup;
			children = (
				44BFA752291AAAFD00B3693E /* HomeViewTests.swift */,
			);
			path = HomeViewTests;
			sourceTree = "<group>";
		};
		44D525CB28E73D1600CF27ED /* SearchBar */ = {
			isa = PBXGroup;
			children = (
				44D525CC28E73D2B00CF27ED /* SearchBarView.swift */,
			);
			path = SearchBar;
			sourceTree = "<group>";
		};
		44D8077929195DAD00F55318 /* SnapshotTests */ = {
			isa = PBXGroup;
			children = (
				44BFA751291AAAE300B3693E /* HomeViewTests */,
				44D8077A29195DCB00F55318 /* CoinRowViewTests */,
			);
			path = SnapshotTests;
			sourceTree = "<group>";
		};
		44D8077A29195DCB00F55318 /* CoinRowViewTests */ = {
			isa = PBXGroup;
			children = (
				44D8077D291961FC00F55318 /* CoinRowViewTests.swift */,
			);
			path = CoinRowViewTests;
			sourceTree = "<group>";
		};
		44E0B35D2879F0A000A991A7 = {
			isa = PBXGroup;
			children = (
				44E0B3682879F0A000A991A7 /* Coinest */,
				443DC1CF28F2BF30009F091D /* CoinestTests */,
				44E0B3672879F0A000A991A7 /* Products */,
				44F71809291925B7009A6C88 /* Frameworks */,
			);
			sourceTree = "<group>";
		};
		44E0B3672879F0A000A991A7 /* Products */ = {
			isa = PBXGroup;
			children = (
				44E0B3662879F0A000A991A7 /* Coinest.app */,
				443DC1CE28F2BF30009F091D /* CoinestTests.xctest */,
			);
			name = Products;
			sourceTree = "<group>";
		};
		44E0B3682879F0A000A991A7 /* Coinest */ = {
			isa = PBXGroup;
			children = (
				44E0B3692879F0A000A991A7 /* CoinestApp.swift */,
				449F601928DCE97D007FDEA5 /* Core */,
				44E0B3772879F3FC00A991A7 /* Extensions */,
				44FC9EE328DDF9D000AAACE0 /* Models */,
				44E0B36F2879F0A400A991A7 /* Preview Content */,
				447BB21E28E214F00098C711 /* Services */,
				44E0B37A2879F43F00A991A7 /* Utilites */,
			);
			path = Coinest;
			sourceTree = "<group>";
		};
		44E0B36F2879F0A400A991A7 /* Preview Content */ = {
			isa = PBXGroup;
			children = (
				44FC9EE628DE026200AAACE0 /* Preview Documentation.swift */,
				44E0B3702879F0A400A991A7 /* Preview Assets.xcassets */,
			);
			path = "Preview Content";
			sourceTree = "<group>";
		};
		44E0B3772879F3FC00A991A7 /* Extensions */ = {
			isa = PBXGroup;
			children = (
				44983F8428DEE67400B5D44B /* CGFloat.swift */,
				44E10A0C28E82C1800B8B2BC /* Collection.swift */,
				444FCC8C28F964350066864E /* Color.swift */,
				44983F8228DEE0E600B5D44B /* Double.swift */,
				44983F7E28DED99C00B5D44B /* Int.swift */,
				44FC9EE828DE0AAB00AAACE0 /* OptionalDouble.swift */,
				44983F8028DEDA4E00B5D44B /* OptionalString.swift */,
				44983F7728DED07D00B5D44B /* PreviewProvider.swift */,
				44D525CE28E7558A00CF27ED /* String.swift */,
				44D525D028E7593300CF27ED /* UIApplication.swift */,
			);
			path = Extensions;
			sourceTree = "<group>";
		};
		44E0B37A2879F43F00A991A7 /* Utilites */ = {
			isa = PBXGroup;
			children = (
				449F5EBD28F72296002B0760 /* Assets */,
				44983F7D28DED2EC00B5D44B /* CommonClasses */,
				447BB22128E220FF0098C711 /* CommonEnums */,
				4466BA9228E308CE007FC650 /* CommonManagers */,
				44E0B37B2879F44600A991A7 /* CommonStructs */,
				44365DE228F6D36D00805AF0 /* Localization */,
			);
			path = Utilites;
			sourceTree = "<group>";
		};
		44E0B37B2879F44600A991A7 /* CommonStructs */ = {
			isa = PBXGroup;
			children = (
				44E0B37C2879F45600A991A7 /* ColorTheme.swift */,
				449F602528DCEA06007FDEA5 /* IconNaming.swift */,
			);
			path = CommonStructs;
			sourceTree = "<group>";
		};
		44F71809291925B7009A6C88 /* Frameworks */ = {
			isa = PBXGroup;
			children = (
			);
			name = Frameworks;
			sourceTree = "<group>";
		};
		44FA236928E9901F003D3ACE /* StatisticView */ = {
			isa = PBXGroup;
			children = (
				44FA236728E99014003D3ACE /* StatisticView.swift */,
			);
			path = StatisticView;
			sourceTree = "<group>";
		};
		44FC9EE328DDF9D000AAACE0 /* Models */ = {
			isa = PBXGroup;
			children = (
				44FC9EE428DDF9F200AAACE0 /* Coin.swift */,
				447930B928FEE97800068541 /* CoinDetail.swift */,
				449E854328EB1E7A00FCD6D8 /* MarketData.swift */,
				44FA236528E98EE3003D3ACE /* Statistic.swift */,
				44D151BE28EF242900966670 /* PortfolioDataModel.xcdatamodeld */,
			);
			path = Models;
			sourceTree = "<group>";
		};
/* End PBXGroup section */

/* Begin PBXNativeTarget section */
		443DC1CD28F2BF30009F091D /* CoinestTests */ = {
			isa = PBXNativeTarget;
			buildConfigurationList = 443DC1D628F2BF30009F091D /* Build configuration list for PBXNativeTarget "CoinestTests" */;
			buildPhases = (
				443DC1CA28F2BF30009F091D /* Sources */,
				443DC1CB28F2BF30009F091D /* Frameworks */,
				443DC1CC28F2BF30009F091D /* Resources */,
			);
			buildRules = (
			);
			dependencies = (
				443DC1D328F2BF30009F091D /* PBXTargetDependency */,
			);
			name = CoinestTests;
			packageProductDependencies = (
				44A72E83292557E6004639AA /* SnapshotTesting */,
			);
			productName = CoinestTests;
			productReference = 443DC1CE28F2BF30009F091D /* CoinestTests.xctest */;
			productType = "com.apple.product-type.bundle.unit-test";
		};
		44E0B3652879F0A000A991A7 /* Coinest */ = {
			isa = PBXNativeTarget;
			buildConfigurationList = 44E0B3742879F0A400A991A7 /* Build configuration list for PBXNativeTarget "Coinest" */;
			buildPhases = (
				44E0B3622879F0A000A991A7 /* Sources */,
				44E0B3632879F0A000A991A7 /* Frameworks */,
				44E0B3642879F0A000A991A7 /* Resources */,
			);
			buildRules = (
			);
			dependencies = (
			);
			name = Coinest;
			packageProductDependencies = (
			);
			productName = Coinest;
			productReference = 44E0B3662879F0A000A991A7 /* Coinest.app */;
			productType = "com.apple.product-type.application";
		};
/* End PBXNativeTarget section */

/* Begin PBXProject section */
		44E0B35E2879F0A000A991A7 /* Project object */ = {
			isa = PBXProject;
			attributes = {
				BuildIndependentTargetsInParallel = 1;
				LastSwiftUpdateCheck = 1400;
				LastUpgradeCheck = 1340;
				TargetAttributes = {
					443DC1CD28F2BF30009F091D = {
						CreatedOnToolsVersion = 14.0;
						TestTargetID = 44E0B3652879F0A000A991A7;
					};
					44E0B3652879F0A000A991A7 = {
						CreatedOnToolsVersion = 13.4.1;
					};
				};
			};
			buildConfigurationList = 44E0B3612879F0A000A991A7 /* Build configuration list for PBXProject "Coinest" */;
			compatibilityVersion = "Xcode 13.0";
			developmentRegion = en;
			hasScannedForEncodings = 0;
			knownRegions = (
				en,
				Base,
				tr,
			);
			mainGroup = 44E0B35D2879F0A000A991A7;
			packageReferences = (
				44A72E82292557E5004639AA /* XCRemoteSwiftPackageReference "swift-snapshot-testing" */,
			);
			productRefGroup = 44E0B3672879F0A000A991A7 /* Products */;
			projectDirPath = "";
			projectRoot = "";
			targets = (
				44E0B3652879F0A000A991A7 /* Coinest */,
				443DC1CD28F2BF30009F091D /* CoinestTests */,
			);
		};
/* End PBXProject section */

/* Begin PBXResourcesBuildPhase section */
		443DC1CC28F2BF30009F091D /* Resources */ = {
			isa = PBXResourcesBuildPhase;
			buildActionMask = 2147483647;
			files = (
			);
			runOnlyForDeploymentPostprocessing = 0;
		};
		44E0B3642879F0A000A991A7 /* Resources */ = {
			isa = PBXResourcesBuildPhase;
			buildActionMask = 2147483647;
			files = (
				44E0B3712879F0A400A991A7 /* Preview Assets.xcassets in Resources */,
				4492679128F6D3BE004C58A9 /* Localizable.strings in Resources */,
				44E0B36E2879F0A400A991A7 /* Assets.xcassets in Resources */,
			);
			runOnlyForDeploymentPostprocessing = 0;
		};
/* End PBXResourcesBuildPhase section */

/* Begin PBXSourcesBuildPhase section */
		443DC1CA28F2BF30009F091D /* Sources */ = {
			isa = PBXSourcesBuildPhase;
			buildActionMask = 2147483647;
			files = (
				443DC1D128F2BF30009F091D /* CoinestTests.swift in Sources */,
				443DC1D828F2BF42009F091D /* TestCoreDataStack.swift in Sources */,
				449F5EBF28F72829002B0760 /* String.swift in Sources */,
				44BFA753291AAAFD00B3693E /* HomeViewTests.swift in Sources */,
				44D8077E291961FC00F55318 /* CoinRowViewTests.swift in Sources */,
				4492679B28F6F5E5004C58A9 /* LocalizationTests.swift in Sources */,
			);
			runOnlyForDeploymentPostprocessing = 0;
		};
		44E0B3622879F0A000A991A7 /* Sources */ = {
			isa = PBXSourcesBuildPhase;
			buildActionMask = 2147483647;
			files = (
				44D525CF28E7558A00CF27ED /* String.swift in Sources */,
				4466BA9428E308E4007FC650 /* NetworkManager.swift in Sources */,
				4452926128EDECDD006DD93C /* CoinLogoView.swift in Sources */,
				44FA236628E98EE3003D3ACE /* Statistic.swift in Sources */,
				44D151BD28EF1D7500966670 /* PortfolioDataService.swift in Sources */,
				44FC9EE528DDF9F200AAACE0 /* Coin.swift in Sources */,
				44FA236B28E9981E003D3ACE /* HomeStatisticsView.swift in Sources */,
				44983F7628DECFF900B5D44B /* CoinRowView.swift in Sources */,
				4452925B28EDE54D006DD93C /* PortfolioView.swift in Sources */,
				448A771A28F5302100E310FC /* SortOption.swift in Sources */,
				443DC1DA28F2BFCE009F091D /* CoreDataConstant.swift in Sources */,
				44CF1D6D28E03D9300BDB90A /* HomeViewModel.swift in Sources */,
				4464948B28E4992F006919F1 /* CoinImageView.swift in Sources */,
				447930BC28FEECA900068541 /* DetailViewModel.swift in Sources */,
				44983F8528DEE67400B5D44B /* CGFloat.swift in Sources */,
				44E10A0D28E82C1800B8B2BC /* Collection.swift in Sources */,
				44FC9EE928DE0AAB00AAACE0 /* OptionalDouble.swift in Sources */,
				44983F8128DEDA4E00B5D44B /* OptionalString.swift in Sources */,
				44983F7C28DED1E000B5D44B /* DeveloperPreview.swift in Sources */,
				44983F7828DED07D00B5D44B /* PreviewProvider.swift in Sources */,
				447BB22028E215130098C711 /* CoinDataService.swift in Sources */,
				442F1FFF28FD338D00BEB614 /* DetailView.swift in Sources */,
				4464948D28E49C0C006919F1 /* CoinImageService.swift in Sources */,
				443DC1DC28F2C248009F091D /* CoreDataStack.swift in Sources */,
				449F602428DCE9D7007FDEA5 /* HomeView.swift in Sources */,
				444FCC8D28F964360066864E /* Color.swift in Sources */,
				449E854428EB1E7A00FCD6D8 /* MarketData.swift in Sources */,
				44D151C028EF242900966670 /* PortfolioDataModel.xcdatamodeld in Sources */,
				447BB22328E2210A0098C711 /* APIConstant.swift in Sources */,
				44E0B37D2879F45600A991A7 /* ColorTheme.swift in Sources */,
				44D525D128E7593300CF27ED /* UIApplication.swift in Sources */,
				44E0B36A2879F0A000A991A7 /* CoinestApp.swift in Sources */,
				449F601E28DCE9AD007FDEA5 /* CircleButtonView.swift in Sources */,
				44FC9EE728DE026300AAACE0 /* Preview Documentation.swift in Sources */,
				44C37EF228E638B200049E15 /* LocalFileManager.swift in Sources */,
				449F602628DCEA06007FDEA5 /* IconNaming.swift in Sources */,
				449E854828EB233100FCD6D8 /* MarketDataService.swift in Sources */,
				449F602028DCE9C0007FDEA5 /* CircleButtonAnimationView.swift in Sources */,
				44D525CD28E73D2B00CF27ED /* SearchBarView.swift in Sources */,
				447930BA28FEE97800068541 /* CoinDetail.swift in Sources */,
				447930BE28FEECD600068541 /* CoinDetailDataService.swift in Sources */,
				44983F8328DEE0E600B5D44B /* Double.swift in Sources */,
				44983F7F28DED99C00B5D44B /* Int.swift in Sources */,
				44FA236828E99014003D3ACE /* StatisticView.swift in Sources */,
				4464948F28E49D97006919F1 /* CoinImageViewModel.swift in Sources */,
			);
			runOnlyForDeploymentPostprocessing = 0;
		};
/* End PBXSourcesBuildPhase section */

/* Begin PBXTargetDependency section */
		443DC1D328F2BF30009F091D /* PBXTargetDependency */ = {
			isa = PBXTargetDependency;
			target = 44E0B3652879F0A000A991A7 /* Coinest */;
			targetProxy = 443DC1D228F2BF30009F091D /* PBXContainerItemProxy */;
		};
/* End PBXTargetDependency section */

/* Begin PBXVariantGroup section */
		4492679328F6D3BE004C58A9 /* Localizable.strings */ = {
			isa = PBXVariantGroup;
			children = (
				4492679528F6DE9D004C58A9 /* tr */,
				4492679628F6DECD004C58A9 /* en */,
			);
			name = Localizable.strings;
			sourceTree = "<group>";
		};
/* End PBXVariantGroup section */

/* Begin XCBuildConfiguration section */
		443DC1D428F2BF30009F091D /* Debug */ = {
			isa = XCBuildConfiguration;
			buildSettings = {
				BUNDLE_LOADER = "$(TEST_HOST)";
				CLANG_CXX_LANGUAGE_STANDARD = "gnu++20";
				CODE_SIGN_STYLE = Automatic;
				CURRENT_PROJECT_VERSION = 1;
				DEVELOPMENT_TEAM = 7GW83GWCK8;
				GENERATE_INFOPLIST_FILE = YES;
				IPHONEOS_DEPLOYMENT_TARGET = 16.0;
				MARKETING_VERSION = 1.0;
				PRODUCT_BUNDLE_IDENTIFIER = com.icloud.yusasarisoy.CoinestTests;
				PRODUCT_NAME = "$(TARGET_NAME)";
				SWIFT_EMIT_LOC_STRINGS = NO;
				SWIFT_VERSION = 5.0;
				TARGETED_DEVICE_FAMILY = "1,2";
				TEST_HOST = "$(BUILT_PRODUCTS_DIR)/Coinest.app/$(BUNDLE_EXECUTABLE_FOLDER_PATH)/Coinest";
			};
			name = Debug;
		};
		443DC1D528F2BF30009F091D /* Release */ = {
			isa = XCBuildConfiguration;
			buildSettings = {
				BUNDLE_LOADER = "$(TEST_HOST)";
				CLANG_CXX_LANGUAGE_STANDARD = "gnu++20";
				CODE_SIGN_STYLE = Automatic;
				CURRENT_PROJECT_VERSION = 1;
				DEVELOPMENT_TEAM = 7GW83GWCK8;
				GENERATE_INFOPLIST_FILE = YES;
				IPHONEOS_DEPLOYMENT_TARGET = 16.0;
				MARKETING_VERSION = 1.0;
				PRODUCT_BUNDLE_IDENTIFIER = com.icloud.yusasarisoy.CoinestTests;
				PRODUCT_NAME = "$(TARGET_NAME)";
				SWIFT_EMIT_LOC_STRINGS = NO;
				SWIFT_VERSION = 5.0;
				TARGETED_DEVICE_FAMILY = "1,2";
				TEST_HOST = "$(BUILT_PRODUCTS_DIR)/Coinest.app/$(BUNDLE_EXECUTABLE_FOLDER_PATH)/Coinest";
			};
			name = Release;
		};
		44E0B3722879F0A400A991A7 /* Debug */ = {
			isa = XCBuildConfiguration;
			buildSettings = {
				ALWAYS_SEARCH_USER_PATHS = NO;
				CLANG_ANALYZER_LOCALIZABILITY_NONLOCALIZED = YES;
				CLANG_ANALYZER_NONNULL = YES;
				CLANG_ANALYZER_NUMBER_OBJECT_CONVERSION = YES_AGGRESSIVE;
				CLANG_CXX_LANGUAGE_STANDARD = "gnu++17";
				CLANG_ENABLE_MODULES = YES;
				CLANG_ENABLE_OBJC_ARC = YES;
				CLANG_ENABLE_OBJC_WEAK = YES;
				CLANG_WARN_BLOCK_CAPTURE_AUTORELEASING = YES;
				CLANG_WARN_BOOL_CONVERSION = YES;
				CLANG_WARN_COMMA = YES;
				CLANG_WARN_CONSTANT_CONVERSION = YES;
				CLANG_WARN_DEPRECATED_OBJC_IMPLEMENTATIONS = YES;
				CLANG_WARN_DIRECT_OBJC_ISA_USAGE = YES_ERROR;
				CLANG_WARN_DOCUMENTATION_COMMENTS = YES;
				CLANG_WARN_EMPTY_BODY = YES;
				CLANG_WARN_ENUM_CONVERSION = YES;
				CLANG_WARN_INFINITE_RECURSION = YES;
				CLANG_WARN_INT_CONVERSION = YES;
				CLANG_WARN_NON_LITERAL_NULL_CONVERSION = YES;
				CLANG_WARN_OBJC_IMPLICIT_RETAIN_SELF = YES;
				CLANG_WARN_OBJC_LITERAL_CONVERSION = YES;
				CLANG_WARN_OBJC_ROOT_CLASS = YES_ERROR;
				CLANG_WARN_QUOTED_INCLUDE_IN_FRAMEWORK_HEADER = YES;
				CLANG_WARN_RANGE_LOOP_ANALYSIS = YES;
				CLANG_WARN_STRICT_PROTOTYPES = YES;
				CLANG_WARN_SUSPICIOUS_MOVE = YES;
				CLANG_WARN_UNGUARDED_AVAILABILITY = YES_AGGRESSIVE;
				CLANG_WARN_UNREACHABLE_CODE = YES;
				CLANG_WARN__DUPLICATE_METHOD_MATCH = YES;
				COPY_PHASE_STRIP = NO;
				DEBUG_INFORMATION_FORMAT = dwarf;
				ENABLE_STRICT_OBJC_MSGSEND = YES;
				ENABLE_TESTABILITY = YES;
				ENABLE_TESTING_SEARCH_PATHS = YES;
				GCC_C_LANGUAGE_STANDARD = gnu11;
				GCC_DYNAMIC_NO_PIC = NO;
				GCC_NO_COMMON_BLOCKS = YES;
				GCC_OPTIMIZATION_LEVEL = 0;
				GCC_PREPROCESSOR_DEFINITIONS = (
					"DEBUG=1",
					"$(inherited)",
				);
				GCC_WARN_64_TO_32_BIT_CONVERSION = YES;
				GCC_WARN_ABOUT_RETURN_TYPE = YES_ERROR;
				GCC_WARN_UNDECLARED_SELECTOR = YES;
				GCC_WARN_UNINITIALIZED_AUTOS = YES_AGGRESSIVE;
				GCC_WARN_UNUSED_FUNCTION = YES;
				GCC_WARN_UNUSED_VARIABLE = YES;
				IPHONEOS_DEPLOYMENT_TARGET = 15.5;
				MTL_ENABLE_DEBUG_INFO = INCLUDE_SOURCE;
				MTL_FAST_MATH = YES;
				ONLY_ACTIVE_ARCH = YES;
				SDKROOT = iphoneos;
				SWIFT_ACTIVE_COMPILATION_CONDITIONS = DEBUG;
				SWIFT_EMIT_LOC_STRINGS = YES;
				SWIFT_OPTIMIZATION_LEVEL = "-Onone";
			};
			name = Debug;
		};
		44E0B3732879F0A400A991A7 /* Release */ = {
			isa = XCBuildConfiguration;
			buildSettings = {
				ALWAYS_SEARCH_USER_PATHS = NO;
				CLANG_ANALYZER_LOCALIZABILITY_NONLOCALIZED = YES;
				CLANG_ANALYZER_NONNULL = YES;
				CLANG_ANALYZER_NUMBER_OBJECT_CONVERSION = YES_AGGRESSIVE;
				CLANG_CXX_LANGUAGE_STANDARD = "gnu++17";
				CLANG_ENABLE_MODULES = YES;
				CLANG_ENABLE_OBJC_ARC = YES;
				CLANG_ENABLE_OBJC_WEAK = YES;
				CLANG_WARN_BLOCK_CAPTURE_AUTORELEASING = YES;
				CLANG_WARN_BOOL_CONVERSION = YES;
				CLANG_WARN_COMMA = YES;
				CLANG_WARN_CONSTANT_CONVERSION = YES;
				CLANG_WARN_DEPRECATED_OBJC_IMPLEMENTATIONS = YES;
				CLANG_WARN_DIRECT_OBJC_ISA_USAGE = YES_ERROR;
				CLANG_WARN_DOCUMENTATION_COMMENTS = YES;
				CLANG_WARN_EMPTY_BODY = YES;
				CLANG_WARN_ENUM_CONVERSION = YES;
				CLANG_WARN_INFINITE_RECURSION = YES;
				CLANG_WARN_INT_CONVERSION = YES;
				CLANG_WARN_NON_LITERAL_NULL_CONVERSION = YES;
				CLANG_WARN_OBJC_IMPLICIT_RETAIN_SELF = YES;
				CLANG_WARN_OBJC_LITERAL_CONVERSION = YES;
				CLANG_WARN_OBJC_ROOT_CLASS = YES_ERROR;
				CLANG_WARN_QUOTED_INCLUDE_IN_FRAMEWORK_HEADER = YES;
				CLANG_WARN_RANGE_LOOP_ANALYSIS = YES;
				CLANG_WARN_STRICT_PROTOTYPES = YES;
				CLANG_WARN_SUSPICIOUS_MOVE = YES;
				CLANG_WARN_UNGUARDED_AVAILABILITY = YES_AGGRESSIVE;
				CLANG_WARN_UNREACHABLE_CODE = YES;
				CLANG_WARN__DUPLICATE_METHOD_MATCH = YES;
				COPY_PHASE_STRIP = NO;
				DEBUG_INFORMATION_FORMAT = "dwarf-with-dsym";
				ENABLE_NS_ASSERTIONS = NO;
				ENABLE_STRICT_OBJC_MSGSEND = YES;
				ENABLE_TESTING_SEARCH_PATHS = YES;
				GCC_C_LANGUAGE_STANDARD = gnu11;
				GCC_NO_COMMON_BLOCKS = YES;
				GCC_WARN_64_TO_32_BIT_CONVERSION = YES;
				GCC_WARN_ABOUT_RETURN_TYPE = YES_ERROR;
				GCC_WARN_UNDECLARED_SELECTOR = YES;
				GCC_WARN_UNINITIALIZED_AUTOS = YES_AGGRESSIVE;
				GCC_WARN_UNUSED_FUNCTION = YES;
				GCC_WARN_UNUSED_VARIABLE = YES;
				IPHONEOS_DEPLOYMENT_TARGET = 15.5;
				MTL_ENABLE_DEBUG_INFO = NO;
				MTL_FAST_MATH = YES;
				SDKROOT = iphoneos;
				SWIFT_COMPILATION_MODE = wholemodule;
				SWIFT_EMIT_LOC_STRINGS = YES;
				SWIFT_OPTIMIZATION_LEVEL = "-O";
				VALIDATE_PRODUCT = YES;
			};
			name = Release;
		};
		44E0B3752879F0A400A991A7 /* Debug */ = {
			isa = XCBuildConfiguration;
			buildSettings = {
				ASSETCATALOG_COMPILER_APPICON_NAME = AppIcon;
				ASSETCATALOG_COMPILER_GLOBAL_ACCENT_COLOR_NAME = AccentColor;
				CODE_SIGN_STYLE = Automatic;
				CURRENT_PROJECT_VERSION = 1;
				DEVELOPMENT_ASSET_PATHS = "\"Coinest/Preview Content\"";
				DEVELOPMENT_TEAM = 7GW83GWCK8;
				ENABLE_PREVIEWS = YES;
				GENERATE_INFOPLIST_FILE = YES;
				INFOPLIST_KEY_LSApplicationCategoryType = "public.app-category.finance";
				INFOPLIST_KEY_UIApplicationSceneManifest_Generation = YES;
				INFOPLIST_KEY_UIApplicationSupportsIndirectInputEvents = YES;
				INFOPLIST_KEY_UILaunchScreen_Generation = YES;
				INFOPLIST_KEY_UISupportedInterfaceOrientations = UIInterfaceOrientationPortrait;
				IPHONEOS_DEPLOYMENT_TARGET = 16.0;
				LD_RUNPATH_SEARCH_PATHS = (
					"$(inherited)",
					"@executable_path/Frameworks",
				);
				MARKETING_VERSION = 1.0;
				PRODUCT_BUNDLE_IDENTIFIER = com.icloud.yusasarisoy.Coinest;
				PRODUCT_NAME = "$(TARGET_NAME)";
				SUPPORTED_PLATFORMS = "iphoneos iphonesimulator";
				SUPPORTS_MACCATALYST = NO;
				SUPPORTS_MAC_DESIGNED_FOR_IPHONE_IPAD = NO;
				SWIFT_EMIT_LOC_STRINGS = YES;
				SWIFT_VERSION = 5.0;
				TARGETED_DEVICE_FAMILY = 1;
			};
			name = Debug;
		};
		44E0B3762879F0A400A991A7 /* Release */ = {
			isa = XCBuildConfiguration;
			buildSettings = {
				ASSETCATALOG_COMPILER_APPICON_NAME = AppIcon;
				ASSETCATALOG_COMPILER_GLOBAL_ACCENT_COLOR_NAME = AccentColor;
				CODE_SIGN_STYLE = Automatic;
				CURRENT_PROJECT_VERSION = 1;
				DEVELOPMENT_ASSET_PATHS = "\"Coinest/Preview Content\"";
				DEVELOPMENT_TEAM = 7GW83GWCK8;
				ENABLE_PREVIEWS = YES;
				GENERATE_INFOPLIST_FILE = YES;
				INFOPLIST_KEY_LSApplicationCategoryType = "public.app-category.finance";
				INFOPLIST_KEY_UIApplicationSceneManifest_Generation = YES;
				INFOPLIST_KEY_UIApplicationSupportsIndirectInputEvents = YES;
				INFOPLIST_KEY_UILaunchScreen_Generation = YES;
				INFOPLIST_KEY_UISupportedInterfaceOrientations = UIInterfaceOrientationPortrait;
				IPHONEOS_DEPLOYMENT_TARGET = 16.0;
				LD_RUNPATH_SEARCH_PATHS = (
					"$(inherited)",
					"@executable_path/Frameworks",
				);
				MARKETING_VERSION = 1.0;
				PRODUCT_BUNDLE_IDENTIFIER = com.icloud.yusasarisoy.Coinest;
				PRODUCT_NAME = "$(TARGET_NAME)";
				SUPPORTED_PLATFORMS = "iphoneos iphonesimulator";
				SUPPORTS_MACCATALYST = NO;
				SUPPORTS_MAC_DESIGNED_FOR_IPHONE_IPAD = NO;
				SWIFT_EMIT_LOC_STRINGS = YES;
				SWIFT_VERSION = 5.0;
				TARGETED_DEVICE_FAMILY = 1;
			};
			name = Release;
		};
/* End XCBuildConfiguration section */

/* Begin XCConfigurationList section */
		443DC1D628F2BF30009F091D /* Build configuration list for PBXNativeTarget "CoinestTests" */ = {
			isa = XCConfigurationList;
			buildConfigurations = (
				443DC1D428F2BF30009F091D /* Debug */,
				443DC1D528F2BF30009F091D /* Release */,
			);
			defaultConfigurationIsVisible = 0;
			defaultConfigurationName = Release;
		};
		44E0B3612879F0A000A991A7 /* Build configuration list for PBXProject "Coinest" */ = {
			isa = XCConfigurationList;
			buildConfigurations = (
				44E0B3722879F0A400A991A7 /* Debug */,
				44E0B3732879F0A400A991A7 /* Release */,
			);
			defaultConfigurationIsVisible = 0;
			defaultConfigurationName = Release;
		};
		44E0B3742879F0A400A991A7 /* Build configuration list for PBXNativeTarget "Coinest" */ = {
			isa = XCConfigurationList;
			buildConfigurations = (
				44E0B3752879F0A400A991A7 /* Debug */,
				44E0B3762879F0A400A991A7 /* Release */,
			);
			defaultConfigurationIsVisible = 0;
			defaultConfigurationName = Release;
		};
/* End XCConfigurationList section */

/* Begin XCRemoteSwiftPackageReference section */
		44A72E82292557E5004639AA /* XCRemoteSwiftPackageReference "swift-snapshot-testing" */ = {
			isa = XCRemoteSwiftPackageReference;
			repositoryURL = "https://github.com/pointfreeco/swift-snapshot-testing";
			requirement = {
				kind = upToNextMajorVersion;
				minimumVersion = 1.0.0;
			};
		};
/* End XCRemoteSwiftPackageReference section */

/* Begin XCSwiftPackageProductDependency section */
		44A72E83292557E6004639AA /* SnapshotTesting */ = {
			isa = XCSwiftPackageProductDependency;
			package = 44A72E82292557E5004639AA /* XCRemoteSwiftPackageReference "swift-snapshot-testing" */;
			productName = SnapshotTesting;
		};
/* End XCSwiftPackageProductDependency section */

/* Begin XCVersionGroup section */
		44D151BE28EF242900966670 /* PortfolioDataModel.xcdatamodeld */ = {
			isa = XCVersionGroup;
			children = (
				44D151BF28EF242900966670 /* PortfolioDataModel.xcdatamodel */,
			);
			currentVersion = 44D151BF28EF242900966670 /* PortfolioDataModel.xcdatamodel */;
			path = PortfolioDataModel.xcdatamodeld;
			sourceTree = "<group>";
			versionGroupType = wrapper.xcdatamodel;
		};
/* End XCVersionGroup section */
	};
	rootObject = 44E0B35E2879F0A000A991A7 /* Project object */;
}
